
Microsoft Visual Studio Solution File, Format Version 12.00
# Visual Studio Version 17
VisualStudioVersion = 17.6.33829.357
MinimumVisualStudioVersion = 10.0.40219.1
Project("{FAE04EC0-301F-11D3-BF4B-00C04F79EFBC}") = "RinhaCompiler", "RinhaCompiler.csproj", "{BDEA590C-3FCF-4B51-A3D9-53022CB82103}"
EndProject
Global
	GlobalSection(SolutionConfigurationPlatforms) = preSolution
		Debug|Any CPU = Debug|Any CPU
		Release|Any CPU = Release|Any CPU
	EndGlobalSection
	GlobalSection(ProjectConfigurationPlatforms) = postSolution
		{BDEA590C-3FCF-4B51-A3D9-53022CB82103}.Debug|Any CPU.ActiveCfg = Debug|Any CPU
		{BDEA590C-3FCF-4B51-A3D9-53022CB82103}.Debug|Any CPU.Build.0 = Debug|Any CPU
		{BDEA590C-3FCF-4B51-A3D9-53022CB82103}.Release|Any CPU.ActiveCfg = Release|Any CPU
		{BDEA590C-3FCF-4B51-A3D9-53022CB82103}.Release|Any CPU.Build.0 = Release|Any CPU
	EndGlobalSection
	GlobalSection(SolutionProperties) = preSolution
		HideSolutionNode = FALSE
	EndGlobalSection
	GlobalSection(ExtensibilityGlobals) = postSolution
		SolutionGuid = {470CD5E3-DDD1-4A6C-91BE-796E11E90E65}
	EndGlobalSection
EndGlobal
